Microsoft Visual Studio Solution File, Format Version 11.00
# Visual Studio 2010
Project("{FAE04EC0-301F-11D3-BF4B-00C04F79EFBC}") = "Assembly-CSharp", "Assembly-CSharp.csproj", "{74C93935-4F47-F3E5-6C23-8826AB7955D3}"
EndProject
Project("{FAE04EC0-301F-11D3-BF4B-00C04F79EFBC}") = "Zenject", "Zenject.csproj", "{2EE1B202-7C67-A322-3615-5F2ABDEB13BF}"
EndProject
Project("{FAE04EC0-301F-11D3-BF4B-00C04F79EFBC}") = "Assembly-CSharp-Editor", "Assembly-CSharp-Editor.csproj", "{2D0065A2-65FC-0CF1-E2EF-957AED5F9ECE}"
EndProject
Project("{FAE04EC0-301F-11D3-BF4B-00C04F79EFBC}") = "Zenject-PoolMonitor-Editor", "Zenject-PoolMonitor-Editor.csproj", "{FA408455-334F-77C6-33AD-11D768CEFEE7}"
EndProject
Project("{FAE04EC0-301F-11D3-BF4B-00C04F79EFBC}") = "Zenject-ReflectionBaking-Editor", "Zenject-ReflectionBaking-Editor.csproj", "{8DEABD25-53A8-D87D-DEF9-FDFCE0E25930}"
EndProject
Project("{FAE04EC0-301F-11D3-BF4B-00C04F79EFBC}") = "Zenject-Editor", "Zenject-Editor.csproj", "{3577ACA0-126C-8171-DB84-FB44B19676B9}"
EndProject
Project("{FAE04EC0-301F-11D3-BF4B-00C04F79EFBC}") = "Zenject-TestFramework", "Zenject-TestFramework.csproj", "{DFC12E4C-4FD9-AC27-4D8A-3D7D91020E6A}"
EndProject
Global
	GlobalSection(SolutionConfigurationPlatforms) = preSolution
		Debug|Any CPU = Debug|Any CPU
		Release|Any CPU = Release|Any CPU
	EndGlobalSection
	GlobalSection(ProjectConfigurationPlatforms) = postSolution
		{74C93935-4F47-F3E5-6C23-8826AB7955D3}.Debug|Any CPU.ActiveCfg = Debug|Any CPU
		{74C93935-4F47-F3E5-6C23-8826AB7955D3}.Debug|Any CPU.Build.0 = Debug|Any CPU
		{74C93935-4F47-F3E5-6C23-8826AB7955D3}.Release|Any CPU.ActiveCfg = Release|Any CPU
		{74C93935-4F47-F3E5-6C23-8826AB7955D3}.Release|Any CPU.Build.0 = Release|Any CPU
		{2EE1B202-7C67-A322-3615-5F2ABDEB13BF}.Debug|Any CPU.ActiveCfg = Debug|Any CPU
		{2EE1B202-7C67-A322-3615-5F2ABDEB13BF}.Debug|Any CPU.Build.0 = Debug|Any CPU
		{2EE1B202-7C67-A322-3615-5F2ABDEB13BF}.Release|Any CPU.ActiveCfg = Release|Any CPU
		{2EE1B202-7C67-A322-3615-5F2ABDEB13BF}.Release|Any CPU.Build.0 = Release|Any CPU
		{2D0065A2-65FC-0CF1-E2EF-957AED5F9ECE}.Debug|Any CPU.ActiveCfg = Debug|Any CPU
		{2D0065A2-65FC-0CF1-E2EF-957AED5F9ECE}.Debug|Any CPU.Build.0 = Debug|Any CPU
		{2D0065A2-65FC-0CF1-E2EF-957AED5F9ECE}.Release|Any CPU.ActiveCfg = Release|Any CPU
		{2D0065A2-65FC-0CF1-E2EF-957AED5F9ECE}.Release|Any CPU.Build.0 = Release|Any CPU
		{FA408455-334F-77C6-33AD-11D768CEFEE7}.Debug|Any CPU.ActiveCfg = Debug|Any CPU
		{FA408455-334F-77C6-33AD-11D768CEFEE7}.Debug|Any CPU.Build.0 = Debug|Any CPU
		{FA408455-334F-77C6-33AD-11D768CEFEE7}.Release|Any CPU.ActiveCfg = Release|Any CPU
		{FA408455-334F-77C6-33AD-11D768CEFEE7}.Release|Any CPU.Build.0 = Release|Any CPU
		{8DEABD25-53A8-D87D-DEF9-FDFCE0E25930}.Debug|Any CPU.ActiveCfg = Debug|Any CPU
		{8DEABD25-53A8-D87D-DEF9-FDFCE0E25930}.Debug|Any CPU.Build.0 = Debug|Any CPU
		{8DEABD25-53A8-D87D-DEF9-FDFCE0E25930}.Release|Any CPU.ActiveCfg = Release|Any CPU
		{8DEABD25-53A8-D87D-DEF9-FDFCE0E25930}.Release|Any CPU.Build.0 = Release|Any CPU
		{3577ACA0-126C-8171-DB84-FB44B19676B9}.Debug|Any CPU.ActiveCfg = Debug|Any CPU
		{3577ACA0-126C-8171-DB84-FB44B19676B9}.Debug|Any CPU.Build.0 = Debug|Any CPU
		{3577ACA0-126C-8171-DB84-FB44B19676B9}.Release|Any CPU.ActiveCfg = Release|Any CPU
		{3577ACA0-126C-8171-DB84-FB44B19676B9}.Release|Any CPU.Build.0 = Release|Any CPU
		{DFC12E4C-4FD9-AC27-4D8A-3D7D91020E6A}.Debug|Any CPU.ActiveCfg = Debug|Any CPU
		{DFC12E4C-4FD9-AC27-4D8A-3D7D91020E6A}.Debug|Any CPU.Build.0 = Debug|Any CPU
		{DFC12E4C-4FD9-AC27-4D8A-3D7D91020E6A}.Release|Any CPU.ActiveCfg = Release|Any CPU
		{DFC12E4C-4FD9-AC27-4D8A-3D7D91020E6A}.Release|Any CPU.Build.0 = Release|Any CPU
	EndGlobalSection
	GlobalSection(SolutionProperties) = preSolution
		HideSolutionNode = FALSE
	EndGlobalSection
	GlobalSection(MonoDevelopProperties) = preSolution
		StartupItem = Assembly-CSharp.csproj
	EndGlobalSection
EndGlobal
